
Microsoft Visual Studio Solution File, Format Version 12.00
# Visual Studio Version 17
VisualStudioVersion = 17.0.31903.59
MinimumVisualStudioVersion = 10.0.40219.1
Project("{FAE04EC0-301F-11D3-BF4B-00C04F79EFBC}") = "SixSidedDie", "SixSidedDie\SixSidedDie.csproj", "{DF648488-CA75-49BF-A1C5-87FF903A0B29}"
EndProject
Project("{FAE04EC0-301F-11D3-BF4B-00C04F79EFBC}") = "Vowel_Exercise", "Vowel_Exercise\Vowel_Exercise.csproj", "{56DA554D-3DD0-40DD-B435-22D547D0910B}"
EndProject
Project("{FAE04EC0-301F-11D3-BF4B-00C04F79EFBC}") = "ErrorCode", "ErrorCode\ErrorCode.csproj", "{F80B7A0F-3D47-4894-8306-09854D24EFC8}"
EndProject
Project("{FAE04EC0-301F-11D3-BF4B-00C04F79EFBC}") = "SalesTaxCalculator", "SalesTaxCalculator\SalesTaxCalculator.csproj", "{8E23F48F-FFA0-413D-A28A-50566A9185B0}"
EndProject
Project("{FAE04EC0-301F-11D3-BF4B-00C04F79EFBC}") = "FindTheArea", "FindTheArea\FindTheArea.csproj", "{A9FA37B1-1436-4F1B-8C87-A2C06F31F268}"
EndProject
Project("{FAE04EC0-301F-11D3-BF4B-00C04F79EFBC}") = "RandomNumber", "RandomNumber\RandomNumber.csproj", "{CEBF7459-0583-4B8B-8723-3FFDA2BC102C}"
EndProject
Project("{FAE04EC0-301F-11D3-BF4B-00C04F79EFBC}") = "CultistRPG", "CultistRPG\CultistRPG.csproj", "{8006EDC4-AC2B-4A64-844A-884DA6053866}"
EndProject
Project("{FAE04EC0-301F-11D3-BF4B-00C04F79EFBC}") = "MultiplicationTable", "MultiplicationTable\MultiplicationTable.csproj", "{82201C38-5D1B-4BFF-A97F-3732E34DAF76}"
EndProject
Project("{FAE04EC0-301F-11D3-BF4B-00C04F79EFBC}") = "DiceRoller", "DiceRoller\DiceRoller.csproj", "{C497D330-31F2-46CA-9D18-74FB217C0C1E}"
EndProject
Project("{FAE04EC0-301F-11D3-BF4B-00C04F79EFBC}") = "TemperatureConversion", "TemperatureConversion\TemperatureConversion.csproj", "{EEE2CF2C-C3FE-4105-A182-65C15F6E11F5}"
EndProject
Project("{FAE04EC0-301F-11D3-BF4B-00C04F79EFBC}") = "LockerRental", "LockerRental\LockerRental.csproj", "{84734F5F-4A51-4D6E-BEB9-4785909019B7}"
EndProject
Project("{FAE04EC0-301F-11D3-BF4B-00C04F79EFBC}") = "CSVDemo", "CSVDemo\CSVDemo.csproj", "{3489E809-0E9F-4E39-8277-28FD447AC444}"
EndProject
Project("{FAE04EC0-301F-11D3-BF4B-00C04F79EFBC}") = "ContactApplication", "ContactApplication\ContactApplication.csproj", "{0434E0DD-C6F8-4C80-8728-D70C7F084435}"
EndProject
Project("{FAE04EC0-301F-11D3-BF4B-00C04F79EFBC}") = "AtlasRPG", "AtlasRPG\AtlasRPG.csproj", "{FFBDEFBA-6253-4264-ACB6-9EE47D67CD6F}"
EndProject
Global
	GlobalSection(SolutionConfigurationPlatforms) = preSolution
		Debug|Any CPU = Debug|Any CPU
		Release|Any CPU = Release|Any CPU
	EndGlobalSection
	GlobalSection(SolutionProperties) = preSolution
		HideSolutionNode = FALSE
	EndGlobalSection
	GlobalSection(ProjectConfigurationPlatforms) = postSolution
		{DF648488-CA75-49BF-A1C5-87FF903A0B29}.Debug|Any CPU.ActiveCfg = Debug|Any CPU
		{DF648488-CA75-49BF-A1C5-87FF903A0B29}.Debug|Any CPU.Build.0 = Debug|Any CPU
		{DF648488-CA75-49BF-A1C5-87FF903A0B29}.Release|Any CPU.ActiveCfg = Release|Any CPU
		{DF648488-CA75-49BF-A1C5-87FF903A0B29}.Release|Any CPU.Build.0 = Release|Any CPU
		{56DA554D-3DD0-40DD-B435-22D547D0910B}.Debug|Any CPU.ActiveCfg = Debug|Any CPU
		{56DA554D-3DD0-40DD-B435-22D547D0910B}.Debug|Any CPU.Build.0 = Debug|Any CPU
		{56DA554D-3DD0-40DD-B435-22D547D0910B}.Release|Any CPU.ActiveCfg = Release|Any CPU
		{56DA554D-3DD0-40DD-B435-22D547D0910B}.Release|Any CPU.Build.0 = Release|Any CPU
		{F80B7A0F-3D47-4894-8306-09854D24EFC8}.Debug|Any CPU.ActiveCfg = Debug|Any CPU
		{F80B7A0F-3D47-4894-8306-09854D24EFC8}.Debug|Any CPU.Build.0 = Debug|Any CPU
		{F80B7A0F-3D47-4894-8306-09854D24EFC8}.Release|Any CPU.ActiveCfg = Release|Any CPU
		{F80B7A0F-3D47-4894-8306-09854D24EFC8}.Release|Any CPU.Build.0 = Release|Any CPU
		{8E23F48F-FFA0-413D-A28A-50566A9185B0}.Debug|Any CPU.ActiveCfg = Debug|Any CPU
		{8E23F48F-FFA0-413D-A28A-50566A9185B0}.Debug|Any CPU.Build.0 = Debug|Any CPU
		{8E23F48F-FFA0-413D-A28A-50566A9185B0}.Release|Any CPU.ActiveCfg = Release|Any CPU
		{8E23F48F-FFA0-413D-A28A-50566A9185B0}.Release|Any CPU.Build.0 = Release|Any CPU
		{A9FA37B1-1436-4F1B-8C87-A2C06F31F268}.Debug|Any CPU.ActiveCfg = Debug|Any CPU
		{A9FA37B1-1436-4F1B-8C87-A2C06F31F268}.Debug|Any CPU.Build.0 = Debug|Any CPU
		{A9FA37B1-1436-4F1B-8C87-A2C06F31F268}.Release|Any CPU.ActiveCfg = Release|Any CPU
		{A9FA37B1-1436-4F1B-8C87-A2C06F31F268}.Release|Any CPU.Build.0 = Release|Any CPU
		{CEBF7459-0583-4B8B-8723-3FFDA2BC102C}.Debug|Any CPU.ActiveCfg = Debug|Any CPU
		{CEBF7459-0583-4B8B-8723-3FFDA2BC102C}.Debug|Any CPU.Build.0 = Debug|Any CPU
		{CEBF7459-0583-4B8B-8723-3FFDA2BC102C}.Release|Any CPU.ActiveCfg = Release|Any CPU
		{CEBF7459-0583-4B8B-8723-3FFDA2BC102C}.Release|Any CPU.Build.0 = Release|Any CPU
		{8006EDC4-AC2B-4A64-844A-884DA6053866}.Debug|Any CPU.ActiveCfg = Debug|Any CPU
		{8006EDC4-AC2B-4A64-844A-884DA6053866}.Debug|Any CPU.Build.0 = Debug|Any CPU
		{8006EDC4-AC2B-4A64-844A-884DA6053866}.Release|Any CPU.ActiveCfg = Release|Any CPU
		{8006EDC4-AC2B-4A64-844A-884DA6053866}.Release|Any CPU.Build.0 = Release|Any CPU
		{82201C38-5D1B-4BFF-A97F-3732E34DAF76}.Debug|Any CPU.ActiveCfg = Debug|Any CPU
		{82201C38-5D1B-4BFF-A97F-3732E34DAF76}.Debug|Any CPU.Build.0 = Debug|Any CPU
		{82201C38-5D1B-4BFF-A97F-3732E34DAF76}.Release|Any CPU.ActiveCfg = Release|Any CPU
		{82201C38-5D1B-4BFF-A97F-3732E34DAF76}.Release|Any CPU.Build.0 = Release|Any CPU
		{C497D330-31F2-46CA-9D18-74FB217C0C1E}.Debug|Any CPU.ActiveCfg = Debug|Any CPU
		{C497D330-31F2-46CA-9D18-74FB217C0C1E}.Debug|Any CPU.Build.0 = Debug|Any CPU
		{C497D330-31F2-46CA-9D18-74FB217C0C1E}.Release|Any CPU.ActiveCfg = Release|Any CPU
		{C497D330-31F2-46CA-9D18-74FB217C0C1E}.Release|Any CPU.Build.0 = Release|Any CPU
		{EEE2CF2C-C3FE-4105-A182-65C15F6E11F5}.Debug|Any CPU.ActiveCfg = Debug|Any CPU
		{EEE2CF2C-C3FE-4105-A182-65C15F6E11F5}.Debug|Any CPU.Build.0 = Debug|Any CPU
		{EEE2CF2C-C3FE-4105-A182-65C15F6E11F5}.Release|Any CPU.ActiveCfg = Release|Any CPU
		{EEE2CF2C-C3FE-4105-A182-65C15F6E11F5}.Release|Any CPU.Build.0 = Release|Any CPU
		{84734F5F-4A51-4D6E-BEB9-4785909019B7}.Debug|Any CPU.ActiveCfg = Debug|Any CPU
		{84734F5F-4A51-4D6E-BEB9-4785909019B7}.Debug|Any CPU.Build.0 = Debug|Any CPU
		{84734F5F-4A51-4D6E-BEB9-4785909019B7}.Release|Any CPU.ActiveCfg = Release|Any CPU
		{84734F5F-4A51-4D6E-BEB9-4785909019B7}.Release|Any CPU.Build.0 = Release|Any CPU
		{3489E809-0E9F-4E39-8277-28FD447AC444}.Debug|Any CPU.ActiveCfg = Debug|Any CPU
		{3489E809-0E9F-4E39-8277-28FD447AC444}.Debug|Any CPU.Build.0 = Debug|Any CPU
		{3489E809-0E9F-4E39-8277-28FD447AC444}.Release|Any CPU.ActiveCfg = Release|Any CPU
		{3489E809-0E9F-4E39-8277-28FD447AC444}.Release|Any CPU.Build.0 = Release|Any CPU
		{0434E0DD-C6F8-4C80-8728-D70C7F084435}.Debug|Any CPU.ActiveCfg = Debug|Any CPU
		{0434E0DD-C6F8-4C80-8728-D70C7F084435}.Debug|Any CPU.Build.0 = Debug|Any CPU
		{0434E0DD-C6F8-4C80-8728-D70C7F084435}.Release|Any CPU.ActiveCfg = Release|Any CPU
		{0434E0DD-C6F8-4C80-8728-D70C7F084435}.Release|Any CPU.Build.0 = Release|Any CPU
		{FFBDEFBA-6253-4264-ACB6-9EE47D67CD6F}.Debug|Any CPU.ActiveCfg = Debug|Any CPU
		{FFBDEFBA-6253-4264-ACB6-9EE47D67CD6F}.Debug|Any CPU.Build.0 = Debug|Any CPU
		{FFBDEFBA-6253-4264-ACB6-9EE47D67CD6F}.Release|Any CPU.ActiveCfg = Release|Any CPU
		{FFBDEFBA-6253-4264-ACB6-9EE47D67CD6F}.Release|Any CPU.Build.0 = Release|Any CPU
	EndGlobalSection
EndGlobal
