
Microsoft Visual Studio Solution File, Format Version 12.00
# Visual Studio Version 17
VisualStudioVersion = 17.0.31903.59
MinimumVisualStudioVersion = 10.0.40219.1
Project("{FAE04EC0-301F-11D3-BF4B-00C04F79EFBC}") = "HangMan.UI", "HangMan.UI\HangMan.UI.csproj", "{0BB7EECB-8541-4FFC-8CFA-F5E7D54636BD}"
EndProject
Project("{FAE04EC0-301F-11D3-BF4B-00C04F79EFBC}") = "HangMan.BLL", "HangMan.BLL\HangMan.BLL.csproj", "{734A57B3-D115-434F-92ED-5F6A62EE00B8}"
EndProject
Global
	GlobalSection(SolutionConfigurationPlatforms) = preSolution
		Debug|Any CPU = Debug|Any CPU
		Release|Any CPU = Release|Any CPU
	EndGlobalSection
	GlobalSection(SolutionProperties) = preSolution
		HideSolutionNode = FALSE
	EndGlobalSection
	GlobalSection(ProjectConfigurationPlatforms) = postSolution
		{0BB7EECB-8541-4FFC-8CFA-F5E7D54636BD}.Debug|Any CPU.ActiveCfg = Debug|Any CPU
		{0BB7EECB-8541-4FFC-8CFA-F5E7D54636BD}.Debug|Any CPU.Build.0 = Debug|Any CPU
		{0BB7EECB-8541-4FFC-8CFA-F5E7D54636BD}.Release|Any CPU.ActiveCfg = Release|Any CPU
		{0BB7EECB-8541-4FFC-8CFA-F5E7D54636BD}.Release|Any CPU.Build.0 = Release|Any CPU
		{734A57B3-D115-434F-92ED-5F6A62EE00B8}.Debug|Any CPU.ActiveCfg = Debug|Any CPU
		{734A57B3-D115-434F-92ED-5F6A62EE00B8}.Debug|Any CPU.Build.0 = Debug|Any CPU
		{734A57B3-D115-434F-92ED-5F6A62EE00B8}.Release|Any CPU.ActiveCfg = Release|Any CPU
		{734A57B3-D115-434F-92ED-5F6A62EE00B8}.Release|Any CPU.Build.0 = Release|Any CPU
	EndGlobalSection
EndGlobal
